
Microsoft Visual Studio Solution File, Format Version 12.00
# Visual Studio Version 17
VisualStudioVersion = 17.14.36301.6 d17.14
MinimumVisualStudioVersion = 10.0.40219.1
Project("{FAE04EC0-301F-11D3-BF4B-00C04F79EFBC}") = "TWN Stock Insight", "TWN Stock Insight\TWN Stock Insight.csproj", "{49AC9971-B4CD-491D-A483-8FED1C756BB2}"
EndProject
Global
	GlobalSection(SolutionConfigurationPlatforms) = preSolution
		Debug|Any CPU = Debug|Any CPU
		Release|Any CPU = Release|Any CPU
	EndGlobalSection
	GlobalSection(ProjectConfigurationPlatforms) = postSolution
		{49AC9971-B4CD-491D-A483-8FED1C756BB2}.Debug|Any CPU.ActiveCfg = Debug|Any CPU
		{49AC9971-B4CD-491D-A483-8FED1C756BB2}.Debug|Any CPU.Build.0 = Debug|Any CPU
		{49AC9971-B4CD-491D-A483-8FED1C756BB2}.Release|Any CPU.ActiveCfg = Release|Any CPU
		{49AC9971-B4CD-491D-A483-8FED1C756BB2}.Release|Any CPU.Build.0 = Release|Any CPU
	EndGlobalSection
	GlobalSection(SolutionProperties) = preSolution
		HideSolutionNode = FALSE
	EndGlobalSection
	GlobalSection(ExtensibilityGlobals) = postSolution
		SolutionGuid = {8E85FFBC-C5A1-4B39-8356-46CFF061E3B8}
	EndGlobalSection
EndGlobal
